
Microsoft Visual Studio Solution File, Format Version 12.00
# Visual Studio Version 16
VisualStudioVersion = 16.0.29911.84
MinimumVisualStudioVersion = 10.0.40219.1
Project("{FAE04EC0-301F-11D3-BF4B-00C04F79EFBC}") = "TCC.Application.CriacaoBases", "TCC.Application.CriacaoBases\TCC.Application.CriacaoBases.csproj", "{D0B7556C-7C92-41DD-AE8D-0564FA60B134}"
EndProject
Global
	GlobalSection(SolutionConfigurationPlatforms) = preSolution
		Debug|Any CPU = Debug|Any CPU
		Release|Any CPU = Release|Any CPU
	EndGlobalSection
	GlobalSection(ProjectConfigurationPlatforms) = postSolution
		{D0B7556C-7C92-41DD-AE8D-0564FA60B134}.Debug|Any CPU.ActiveCfg = Debug|Any CPU
		{D0B7556C-7C92-41DD-AE8D-0564FA60B134}.Debug|Any CPU.Build.0 = Debug|Any CPU
		{D0B7556C-7C92-41DD-AE8D-0564FA60B134}.Release|Any CPU.ActiveCfg = Release|Any CPU
		{D0B7556C-7C92-41DD-AE8D-0564FA60B134}.Release|Any CPU.Build.0 = Release|Any CPU
	EndGlobalSection
	GlobalSection(SolutionProperties) = preSolution
		HideSolutionNode = FALSE
	EndGlobalSection
	GlobalSection(ExtensibilityGlobals) = postSolution
		SolutionGuid = {65170D11-52FE-4E76-B8A9-6ACEA7C8C163}
	EndGlobalSection
EndGlobal
